
Microsoft Visual Studio Solution File, Format Version 12.00
# Visual Studio Version 17
VisualStudioVersion = 17.14.37111.16 d17.14
MinimumVisualStudioVersion = 10.0.40219.1
Project("{FAE04EC0-301F-11D3-BF4B-00C04F79EFBC}") = "WebViecLam", "WebViecLam\WebViecLam.csproj", "{B52129D6-B663-4112-A59E-0A0C81BE7FC8}"
EndProject
Global
	GlobalSection(SolutionConfigurationPlatforms) = preSolution
		Debug|Any CPU = Debug|Any CPU
		Release|Any CPU = Release|Any CPU
	EndGlobalSection
	GlobalSection(ProjectConfigurationPlatforms) = postSolution
		{B52129D6-B663-4112-A59E-0A0C81BE7FC8}.Debug|Any CPU.ActiveCfg = Debug|Any CPU
		{B52129D6-B663-4112-A59E-0A0C81BE7FC8}.Debug|Any CPU.Build.0 = Debug|Any CPU
		{B52129D6-B663-4112-A59E-0A0C81BE7FC8}.Release|Any CPU.ActiveCfg = Release|Any CPU
		{B52129D6-B663-4112-A59E-0A0C81BE7FC8}.Release|Any CPU.Build.0 = Release|Any CPU
	EndGlobalSection
	GlobalSection(SolutionProperties) = preSolution
		HideSolutionNode = FALSE
	EndGlobalSection
	GlobalSection(ExtensibilityGlobals) = postSolution
		SolutionGuid = {28AE6C24-65D6-42C8-A806-49D48E7ECB02}
	EndGlobalSection
EndGlobal
